<?xml version="1.0" encoding="utf-8"?>
<Project ToolsVersion="4.0" xmlns="http://schemas.microsoft.com/developer/msbuild/2003">
  <ItemGroup>
    <Filter Include="Source Files">
      <UniqueIdentifier>{4FC737F1-C7A5-4376-A066-2A32D752A2FF}</UniqueIdentifier>
      <Extensions>cpp;c;cc;cxx;c++;cppm;ixx;def;odl;idl;hpj;bat;asm;asmx</Extensions>
    </Filter>
    <Filter Include="Header Files">
      <UniqueIdentifier>{93995380-89BD-4b04-88EB-625FBE52EBFB}</UniqueIdentifier>
      <Extensions>h;hh;hpp;hxx;h++;hm;inl;inc;ipp;xsd</Extensions>
    </Filter>
    <Filter Include="Resource Files">
      <UniqueIdentifier>{67DA6AB6-F800-4c08-8B7A-83BB121AAD01}</UniqueIdentifier>
      <Extensions>rc;ico;cur;bmp;dlg;rc2;rct;bin;rgs;gif;jpg;jpeg;jpe;resx;tiff;tif;png;wav;mfcribbon-ms</Extensions>
    </Filter>
    <Filter Include="Source Files\Allocators">
      <UniqueIdentifier>{c1fba89c-4d3e-4147-8399-d9149f33d84b}</UniqueIdentifier>
    </Filter>
    <Filter Include="Header Files\Allocators">
      <UniqueIdentifier>{1cfad839-69cb-4cdf-a023-ae3ebcb4c932}</UniqueIdentifier>
    </Filter>
    <Filter Include="Source Files\EventSystem">
      <UniqueIdentifier>{01bf44a4-3cbc-4a35-a988-c5f87ea79f81}</UniqueIdentifier>
    </Filter>
    <Filter Include="Header Files\EventSystem">
      <UniqueIdentifier>{7fedbe1a-eb03-4d1d-bc31-7858a9bd3d76}</UniqueIdentifier>
    </Filter>
    <Filter Include="Header Files\UI">
      <UniqueIdentifier>{78c87101-489f-4334-bde1-1812976f93cc}</UniqueIdentifier>
    </Filter>
    <Filter Include="Header Files\UI\Button">
      <UniqueIdentifier>{a780b136-6f52-40fe-93cc-b86203eb3da9}</UniqueIdentifier>
    </Filter>
    <Filter Include="Source Files\UI">
      <UniqueIdentifier>{76046b3a-c444-4cb5-a422-75034ffce71a}</UniqueIdentifier>
    </Filter>
    <Filter Include="Source Files\UI\Button">
      <UniqueIdentifier>{b373ed22-1d88-4526-9a3b-f395e525cef6}</UniqueIdentifier>
    </Filter>
    <Filter Include="Header Files\Interfaces">
      <UniqueIdentifier>{2dd67166-3368-4b6c-8006-289fe421d0b7}</UniqueIdentifier>
    </Filter>
  </ItemGroup>
  <ItemGroup>
    <ClCompile Include="main.cpp">
      <Filter>Source Files</Filter>
    </ClCompile>
    <ClCompile Include="InputHandler.cpp">
      <Filter>Source Files</Filter>
    </ClCompile>
    <ClCompile Include="HeapAllocator.cpp">
      <Filter>Source Files\Allocators</Filter>
    </ClCompile>
    <ClCompile Include="Layer.cpp">
      <Filter>Source Files\EventSystem</Filter>
    </ClCompile>
    <ClCompile Include="Button.cpp">
      <Filter>Source Files\UI\Button</Filter>
    </ClCompile>
    <ClCompile Include="Application.cpp">
      <Filter>Source Files</Filter>
    </ClCompile>
    <ClCompile Include="Window.cpp">
      <Filter>Source Files</Filter>
    </ClCompile>
    <ClCompile Include="IApplication.hpp">
      <Filter>Header Files\Interfaces</Filter>
    </ClCompile>
    <ClCompile Include="IBounded.hpp">
      <Filter>Header Files\Interfaces</Filter>
    </ClCompile>
    <ClCompile Include="IUIElement.hpp">
      <Filter>Header Files\Interfaces</Filter>
    </ClCompile>
    <ClCompile Include="Convertor.cpp">
      <Filter>Source Files</Filter>
    </ClCompile>
  </ItemGroup>
  <ItemGroup>
    <ClInclude Include="InputHandler.hpp">
      <Filter>Header Files</Filter>
    </ClInclude>
    <ClInclude Include="IAllocator.hpp">
      <Filter>Header Files\Allocators</Filter>
    </ClInclude>
    <ClInclude Include="ArenaAllocator.hpp">
      <Filter>Header Files\Allocators</Filter>
    </ClInclude>
    <ClInclude Include="HeapAllocator.hpp">
      <Filter>Header Files\Allocators</Filter>
    </ClInclude>
    <ClInclude Include="EventReciver.hpp">
      <Filter>Header Files\EventSystem</Filter>
    </ClInclude>
    <ClInclude Include="Layer.hpp">
      <Filter>Header Files\EventSystem</Filter>
    </ClInclude>
    <ClInclude Include="IButton.hpp">
      <Filter>Header Files\UI\Button</Filter>
    </ClInclude>
    <ClInclude Include="Application.hpp">
      <Filter>Header Files</Filter>
    </ClInclude>
    <ClInclude Include="Window.hpp">
      <Filter>Header Files</Filter>
    </ClInclude>
    <ClInclude Include="Button.hpp">
      <Filter>Header Files\UI\Button</Filter>
    </ClInclude>
    <ClInclude Include="Convertor.hpp">
      <Filter>Header Files</Filter>
    </ClInclude>
  </ItemGroup>
</Project>